
Microsoft Visual Studio Solution File, Format Version 12.00
# Visual Studio Version 17
VisualStudioVersion = 17.5.33516.290
MinimumVisualStudioVersion = 10.0.40219.1
Project("{FAE04EC0-301F-11D3-BF4B-00C04F79EFBC}") = "Huzeva_Lab18", "Huzeva_Lab18\Huzeva_Lab18.csproj", "{8F469CB9-4A5C-4AC9-95DE-2B9179690A52}"
EndProject
Global
	GlobalSection(SolutionConfigurationPlatforms) = preSolution
		Debug|Any CPU = Debug|Any CPU
		Release|Any CPU = Release|Any CPU
	EndGlobalSection
	GlobalSection(ProjectConfigurationPlatforms) = postSolution
		{8F469CB9-4A5C-4AC9-95DE-2B9179690A52}.Debug|Any CPU.ActiveCfg = Debug|Any CPU
		{8F469CB9-4A5C-4AC9-95DE-2B9179690A52}.Debug|Any CPU.Build.0 = Debug|Any CPU
		{8F469CB9-4A5C-4AC9-95DE-2B9179690A52}.Release|Any CPU.ActiveCfg = Release|Any CPU
		{8F469CB9-4A5C-4AC9-95DE-2B9179690A52}.Release|Any CPU.Build.0 = Release|Any CPU
	EndGlobalSection
	GlobalSection(SolutionProperties) = preSolution
		HideSolutionNode = FALSE
	EndGlobalSection
	GlobalSection(ExtensibilityGlobals) = postSolution
		SolutionGuid = {9E0EEF95-3CCE-49B8-9599-32E7E42BD3C4}
	EndGlobalSection
EndGlobal
